{
  "name": "drupal-raven",
  "lockfileVersion": 2,
  "requires": true,
  "packages": {
    "": {
      "name": "drupal-raven",
      "hasInstallScript": true,
      "license": "GPL-3.0",
      "devDependencies": {
        "@sentry/tracing": "^6.2.5"
      }
    },
    "node_modules/@sentry/hub": {
      "version": "6.13.2",
      "resolved": "https://registry.npmjs.org/@sentry/hub/-/hub-6.13.2.tgz",
      "integrity": "sha512-sppSuJdNMiMC/vFm/dQowCBh11uTrmvks00fc190YWgxHshodJwXMdpc+pN61VSOmy2QA4MbQ5aMAgHzPzel3A==",
      "dev": true,
      "dependencies": {
        "@sentry/types": "6.13.2",
        "@sentry/utils": "6.13.2",
        "tslib": "^1.9.3"
      },
      "engines": {
        "node": ">=6"
      }
    },
    "node_modules/@sentry/minimal": {
      "version": "6.13.2",
      "resolved": "https://registry.npmjs.org/@sentry/minimal/-/minimal-6.13.2.tgz",
      "integrity": "sha512-6iJfEvHzzpGBHDfLxSHcGObh73XU1OSQKWjuhDOe7UQDyI4BQmTfcXAC+Fr8sm8C/tIsmpVi/XJhs8cubFdSMw==",
      "dev": true,
      "dependencies": {
        "@sentry/hub": "6.13.2",
        "@sentry/types": "6.13.2",
        "tslib": "^1.9.3"
      },
      "engines": {
        "node": ">=6"
      }
    },
    "node_modules/@sentry/tracing": {
      "version": "6.13.2",
      "resolved": "https://registry.npmjs.org/@sentry/tracing/-/tracing-6.13.2.tgz",
      "integrity": "sha512-bHJz+C/nd6biWTNcYAu91JeRilsvVgaye4POkdzWSmD0XoLWHVMrpCQobGpXe7onkp2noU3YQjhqgtBqPHtnpw==",
      "dev": true,
      "dependencies": {
        "@sentry/hub": "6.13.2",
        "@sentry/minimal": "6.13.2",
        "@sentry/types": "6.13.2",
        "@sentry/utils": "6.13.2",
        "tslib": "^1.9.3"
      },
      "engines": {
        "node": ">=6"
      }
    },
    "node_modules/@sentry/types": {
      "version": "6.13.2",
      "resolved": "https://registry.npmjs.org/@sentry/types/-/types-6.13.2.tgz",
      "integrity": "sha512-6WjGj/VjjN8LZDtqJH5ikeB1o39rO1gYS6anBxiS3d0sXNBb3Ux0pNNDFoBxQpOhmdDHXYS57MEptX9EV82gmg==",
      "dev": true,
      "engines": {
        "node": ">=6"
      }
    },
    "node_modules/@sentry/utils": {
      "version": "6.13.2",
      "resolved": "https://registry.npmjs.org/@sentry/utils/-/utils-6.13.2.tgz",
      "integrity": "sha512-foF4PbxqPMWNbuqdXkdoOmKm3quu3PP7Q7j/0pXkri4DtCuvF/lKY92mbY0V9rHS/phCoj+3/Se5JvM2ymh2/w==",
      "dev": true,
      "dependencies": {
        "@sentry/types": "6.13.2",
        "tslib": "^1.9.3"
      },
      "engines": {
        "node": ">=6"
      }
    },
    "node_modules/tslib": {
      "version": "1.14.1",
      "resolved": "https://registry.npmjs.org/tslib/-/tslib-1.14.1.tgz",
      "integrity": "sha512-Xni35NKzjgMrwevysHTCArtLDpPvye8zV/0E4EyYn43P7/7qvQwPh9BGkHewbMulVntbigmcT7rdX3BNo9wRJg==",
      "dev": true
    }
  },
  "dependencies": {
    "@sentry/hub": {
      "version": "6.13.2",
      "resolved": "https://registry.npmjs.org/@sentry/hub/-/hub-6.13.2.tgz",
      "integrity": "sha512-sppSuJdNMiMC/vFm/dQowCBh11uTrmvks00fc190YWgxHshodJwXMdpc+pN61VSOmy2QA4MbQ5aMAgHzPzel3A==",
      "dev": true,
      "requires": {
        "@sentry/types": "6.13.2",
        "@sentry/utils": "6.13.2",
        "tslib": "^1.9.3"
      }
    },
    "@sentry/minimal": {
      "version": "6.13.2",
      "resolved": "https://registry.npmjs.org/@sentry/minimal/-/minimal-6.13.2.tgz",
      "integrity": "sha512-6iJfEvHzzpGBHDfLxSHcGObh73XU1OSQKWjuhDOe7UQDyI4BQmTfcXAC+Fr8sm8C/tIsmpVi/XJhs8cubFdSMw==",
      "dev": true,
      "requires": {
        "@sentry/hub": "6.13.2",
        "@sentry/types": "6.13.2",
        "tslib": "^1.9.3"
      }
    },
    "@sentry/tracing": {
      "version": "6.13.2",
      "resolved": "https://registry.npmjs.org/@sentry/tracing/-/tracing-6.13.2.tgz",
      "integrity": "sha512-bHJz+C/nd6biWTNcYAu91JeRilsvVgaye4POkdzWSmD0XoLWHVMrpCQobGpXe7onkp2noU3YQjhqgtBqPHtnpw==",
      "dev": true,
      "requires": {
        "@sentry/hub": "6.13.2",
        "@sentry/minimal": "6.13.2",
        "@sentry/types": "6.13.2",
        "@sentry/utils": "6.13.2",
        "tslib": "^1.9.3"
      }
    },
    "@sentry/types": {
      "version": "6.13.2",
      "resolved": "https://registry.npmjs.org/@sentry/types/-/types-6.13.2.tgz",
      "integrity": "sha512-6WjGj/VjjN8LZDtqJH5ikeB1o39rO1gYS6anBxiS3d0sXNBb3Ux0pNNDFoBxQpOhmdDHXYS57MEptX9EV82gmg==",
      "dev": true
    },
    "@sentry/utils": {
      "version": "6.13.2",
      "resolved": "https://registry.npmjs.org/@sentry/utils/-/utils-6.13.2.tgz",
      "integrity": "sha512-foF4PbxqPMWNbuqdXkdoOmKm3quu3PP7Q7j/0pXkri4DtCuvF/lKY92mbY0V9rHS/phCoj+3/Se5JvM2ymh2/w==",
      "dev": true,
      "requires": {
        "@sentry/types": "6.13.2",
        "tslib": "^1.9.3"
      }
    },
    "tslib": {
      "version": "1.14.1",
      "resolved": "https://registry.npmjs.org/tslib/-/tslib-1.14.1.tgz",
      "integrity": "sha512-Xni35NKzjgMrwevysHTCArtLDpPvye8zV/0E4EyYn43P7/7qvQwPh9BGkHewbMulVntbigmcT7rdX3BNo9wRJg==",
      "dev": true
    }
  }
}
